Microsoft Visual Studio Solution File, Format Version 12.00
# Visual Studio Version 16
VisualStudioVersion = 16.0.34931.43
MinimumVisualStudioVersion = 10.0.40219.1
Project("{8BC9CEB8-8B4A-11D0-8D11-00A0C91BC942}") = "cagd", "cagd.vcxproj", "{C868D557-2C7F-48BC-9748-22FA7AE15D2E}"
EndProject
Project("{8BC9CEB8-8B4A-11D0-8D11-00A0C91BC942}") = "demo", "demo\demo.vcxproj", "{3D4B6F7F-9D8A-4BBB-9489-234CBFC451D4}"
EndProject
Project("{8BC9CEB8-8B4A-11D0-8D11-00A0C91BC942}") = "lab1", "lab1\lab1.vcxproj", "{48B3989A-10DB-4638-B060-7A9142C9443C}"
EndProject
Project("{8BC9CEB8-8B4A-11D0-8D11-00A0C91BC942}") = "exp2tree", "exp2tree\exp2tree.vcxproj", "{BD0A9875-C54E-4166-93C4-A9527B84C52A}"
EndProject
Global
	GlobalSection(SolutionConfigurationPlatforms) = preSolution
		Debug|Win32 = Debug|Win32
		Debug|x64 = Debug|x64
		Release|Win32 = Release|Win32
		Release|x64 = Release|x64
	EndGlobalSection
	GlobalSection(ProjectConfigurationPlatforms) = postSolution
		{C868D557-2C7F-48BC-9748-22FA7AE15D2E}.Debug|Win32.ActiveCfg = Debug|Win32
		{C868D557-2C7F-48BC-9748-22FA7AE15D2E}.Debug|Win32.Build.0 = Debug|Win32
		{C868D557-2C7F-48BC-9748-22FA7AE15D2E}.Debug|x64.ActiveCfg = Debug|Win32
		{C868D557-2C7F-48BC-9748-22FA7AE15D2E}.Release|Win32.ActiveCfg = Release|Win32
		{C868D557-2C7F-48BC-9748-22FA7AE15D2E}.Release|Win32.Build.0 = Release|Win32
		{C868D557-2C7F-48BC-9748-22FA7AE15D2E}.Release|x64.ActiveCfg = Release|Win32
		{3D4B6F7F-9D8A-4BBB-9489-234CBFC451D4}.Debug|Win32.ActiveCfg = Debug|Win32
		{3D4B6F7F-9D8A-4BBB-9489-234CBFC451D4}.Debug|Win32.Build.0 = Debug|Win32
		{3D4B6F7F-9D8A-4BBB-9489-234CBFC451D4}.Debug|x64.ActiveCfg = Debug|Win32
		{3D4B6F7F-9D8A-4BBB-9489-234CBFC451D4}.Release|Win32.ActiveCfg = Release|Win32
		{3D4B6F7F-9D8A-4BBB-9489-234CBFC451D4}.Release|Win32.Build.0 = Release|Win32
		{3D4B6F7F-9D8A-4BBB-9489-234CBFC451D4}.Release|x64.ActiveCfg = Release|Win32
		{48B3989A-10DB-4638-B060-7A9142C9443C}.Debug|Win32.ActiveCfg = Debug|Win32
		{48B3989A-10DB-4638-B060-7A9142C9443C}.Debug|Win32.Build.0 = Debug|Win32
		{48B3989A-10DB-4638-B060-7A9142C9443C}.Debug|x64.ActiveCfg = Debug|Win32
		{48B3989A-10DB-4638-B060-7A9142C9443C}.Release|Win32.ActiveCfg = Release|Win32
		{48B3989A-10DB-4638-B060-7A9142C9443C}.Release|Win32.Build.0 = Release|Win32
		{48B3989A-10DB-4638-B060-7A9142C9443C}.Release|x64.ActiveCfg = Release|Win32
		{BD0A9875-C54E-4166-93C4-A9527B84C52A}.Debug|Win32.ActiveCfg = Debug|Win32
		{BD0A9875-C54E-4166-93C4-A9527B84C52A}.Debug|Win32.Build.0 = Debug|Win32
		{BD0A9875-C54E-4166-93C4-A9527B84C52A}.Debug|x64.ActiveCfg = Debug|Win32
		{BD0A9875-C54E-4166-93C4-A9527B84C52A}.Release|Win32.ActiveCfg = Release|Win32
		{BD0A9875-C54E-4166-93C4-A9527B84C52A}.Release|Win32.Build.0 = Release|Win32
		{BD0A9875-C54E-4166-93C4-A9527B84C52A}.Release|x64.ActiveCfg = Release|Win32
	EndGlobalSection
	GlobalSection(SolutionProperties) = preSolution
		HideSolutionNode = FALSE
	EndGlobalSection
	GlobalSection(ExtensibilityGlobals) = postSolution
		SolutionGuid = {E625CF6D-7DEA-4AD8-8A11-C01A0EB196CE}
	EndGlobalSection
EndGlobal
